{
  "name": "@kt3k/jsonc",
  "version": "0.0.1",
  "lockfileVersion": 3,
  "requires": true,
  "packages": {
    "": {
      "name": "@kt3k/jsonc",
      "version": "0.0.1",
      "license": "ISC",
      "dependencies": {
        "@std/jsonc": "npm:@jsr/std__jsonc@^0.218.2"
      }
    },
    "node_modules/@jsr/std__assert": {
      "version": "0.218.2",
      "resolved": "https://npm.jsr.io/~/6/@jsr/std__assert/0.218.2.tgz",
      "integrity": "sha512-8cymQR1kt8ASAz5bovPDe6CNsLCysqEAHEN1XdJJUezSroAcBWuOIj8C/bU0sz0JVhFe6Dn+VEPlTeaPNc0UTw==",
      "dependencies": {
        "@jsr/std__fmt": "^0.218.2"
      }
    },
    "node_modules/@jsr/std__bytes": {
      "version": "0.218.2",
      "resolved": "https://npm.jsr.io/~/6/@jsr/std__bytes/0.218.2.tgz",
      "integrity": "sha512-EeZr7brsBAsm/X/PRwuKHwUUJ7iN1L6z8v1UoH81bDJ0gXQtAppwd0gbPdqVMGMIjO4ypWyefpFby7eTRKUeWg=="
    },
    "node_modules/@jsr/std__fmt": {
      "version": "0.218.2",
      "resolved": "https://npm.jsr.io/~/6/@jsr/std__fmt/0.218.2.tgz",
      "integrity": "sha512-EZLPLlc03sviW+8u3UJcbvbdAUpZcvAV5iMt6nT6UIrRKNBytN/5pGRVHeTRk+7bj0Lv0rsZ7kAdShJ9Lv+sAw=="
    },
    "node_modules/@jsr/std__io": {
      "version": "0.218.2",
      "resolved": "https://npm.jsr.io/~/6/@jsr/std__io/0.218.2.tgz",
      "integrity": "sha512-3q0Cb+OzcvFlwLJKp7+Hbde8ubATJzgWnTAd+yh7c1DpzVRnEpgBORA+5tiNBGVq11GhP6wCO6mdBayTHhRqEw==",
      "dependencies": {
        "@jsr/std__assert": "^0.218.2",
        "@jsr/std__bytes": "^0.218.2"
      }
    },
    "node_modules/@jsr/std__json": {
      "version": "0.218.2",
      "resolved": "https://npm.jsr.io/~/6/@jsr/std__json/0.218.2.tgz",
      "integrity": "sha512-r63+z+MJHxw5kcwuN0uhHdSTkd6kszDJOOxMaKJ0Gilfm2Fyy2udDu3fC6OQVQqfT1Q20hJD3fO07a/9IkEd5A==",
      "dependencies": {
        "@jsr/std__streams": "^0.218.2"
      }
    },
    "node_modules/@jsr/std__streams": {
      "version": "0.218.2",
      "resolved": "https://npm.jsr.io/~/6/@jsr/std__streams/0.218.2.tgz",
      "integrity": "sha512-s3Dwc6E6pfnlXAp3QrzWH0HOr2bdwNNikLKnkfA1oIWe6keTGOZrDbz2N7j1JSPcbYZ9AJQH3gNrQEsk0SfLwg==",
      "dependencies": {
        "@jsr/std__assert": "^0.218.2",
        "@jsr/std__bytes": "^0.218.2",
        "@jsr/std__io": "^0.218.2"
      }
    },
    "node_modules/@std/jsonc": {
      "name": "@jsr/std__jsonc",
      "version": "0.218.2",
      "resolved": "https://npm.jsr.io/~/6/@jsr/std__jsonc/0.218.2.tgz",
      "integrity": "sha512-yzjFpdfUDcKLDitTvtEF+gt+Gl/WDQzveCjU0uktQ73uBIfYolpE/DYFmX2siv4z8TXc54jiOi5VoC7HmOPTog==",
      "dependencies": {
        "@jsr/std__assert": "^0.218.2",
        "@jsr/std__json": "^0.218.2"
      }
    }
  }
}
